# THIS IS AN AUTOGENERATED FILE. DO NOT EDIT THIS FILE DIRECTLY.
# yarn lockfile v1


"@formatjs/ecma402-abstract@1.11.4":
  version "1.11.4"
  resolved "https://registry.yarnpkg.com/@formatjs/ecma402-abstract/-/ecma402-abstract-1.11.4.tgz#b962dfc4ae84361f9f08fbce411b4e4340930eda"
  integrity sha512-EBikYFp2JCdIfGEb5G9dyCkTGDmC57KSHhRQOC3aYxoPWVZvfWCDjZwkGYHN7Lis/fmuWl906bnNTJifDQ3sXw==
  dependencies:
    "@formatjs/intl-localematcher" "0.2.25"
    tslib "^2.1.0"

"@formatjs/ecma402-abstract@^1.11.4":
  version "1.17.2"
  resolved "https://registry.yarnpkg.com/@formatjs/ecma402-abstract/-/ecma402-abstract-1.17.2.tgz#d197c6e26b9fd96ff7ba3b3a0cc2f25f1f2dcac3"
  integrity sha512-k2mTh0m+IV1HRdU0xXM617tSQTi53tVR2muvYOsBeYcUgEAyxV1FOC7Qj279th3fBVQ+Dj6muvNJZcHSPNdbKg==
  dependencies:
    "@formatjs/intl-localematcher" "0.4.2"
    tslib "^2.4.0"

"@formatjs/fast-memoize@1.2.1":
  version "1.2.1"
  resolved "https://registry.yarnpkg.com/@formatjs/fast-memoize/-/fast-memoize-1.2.1.tgz#e6f5aee2e4fd0ca5edba6eba7668e2d855e0fc21"
  integrity sha512-Rg0e76nomkz3vF9IPlKeV+Qynok0r7YZjL6syLz4/urSg0IbjPZCB/iYUMNsYA643gh4mgrX3T7KEIFIxJBQeg==
  dependencies:
    tslib "^2.1.0"

"@formatjs/icu-messageformat-parser@2.1.0":
  version "2.1.0"
  resolved "https://registry.yarnpkg.com/@formatjs/icu-messageformat-parser/-/icu-messageformat-parser-2.1.0.tgz#a54293dd7f098d6a6f6a084ab08b6d54a3e8c12d"
  integrity sha512-Qxv/lmCN6hKpBSss2uQ8IROVnta2r9jd3ymUEIjm2UyIkUCHVcbUVRGL/KS/wv7876edvsPe+hjHVJ4z8YuVaw==
  dependencies:
    "@formatjs/ecma402-abstract" "1.11.4"
    "@formatjs/icu-skeleton-parser" "1.3.6"
    tslib "^2.1.0"

"@formatjs/icu-skeleton-parser@1.3.6":
  version "1.3.6"
  resolved "https://registry.yarnpkg.com/@formatjs/icu-skeleton-parser/-/icu-skeleton-parser-1.3.6.tgz#4ce8c0737d6f07b735288177049e97acbf2e8964"
  integrity sha512-I96mOxvml/YLrwU2Txnd4klA7V8fRhb6JG/4hm3VMNmeJo1F03IpV2L3wWt7EweqNLES59SZ4d6hVOPCSf80Bg==
  dependencies:
    "@formatjs/ecma402-abstract" "1.11.4"
    tslib "^2.1.0"

"@formatjs/intl-localematcher@0.2.25":
  version "0.2.25"
  resolved "https://registry.yarnpkg.com/@formatjs/intl-localematcher/-/intl-localematcher-0.2.25.tgz#60892fe1b271ec35ba07a2eb018a2dd7bca6ea3a"
  integrity sha512-YmLcX70BxoSopLFdLr1Ds99NdlTI2oWoLbaUW2M406lxOIPzE1KQhRz2fPUkq34xVZQaihCoU29h0KK7An3bhA==
  dependencies:
    tslib "^2.1.0"

"@formatjs/intl-localematcher@0.4.2":
  version "0.4.2"
  resolved "https://registry.yarnpkg.com/@formatjs/intl-localematcher/-/intl-localematcher-0.4.2.tgz#7e6e596dbaf2f0c5a7c22da5a01d5c55f4c37e9a"
  integrity sha512-BGdtJFmaNJy5An/Zan4OId/yR9Ih1OojFjcduX/xOvq798OgWSyDtd6Qd5jqJXwJs1ipe4Fxu9+cshic5Ox2tA==
  dependencies:
    tslib "^2.4.0"

"@formatjs/intl-localematcher@^0.2.32":
  version "0.2.32"
  resolved "https://registry.yarnpkg.com/@formatjs/intl-localematcher/-/intl-localematcher-0.2.32.tgz#00d4d307cd7d514b298e15a11a369b86c8933ec1"
  integrity sha512-k/MEBstff4sttohyEpXxCmC3MqbUn9VvHGlZ8fauLzkbwXmVrEeyzS+4uhrvAk9DWU9/7otYWxyDox4nT/KVLQ==
  dependencies:
    tslib "^2.4.0"

"@next/env@13.5.7-canary.16":
  version "13.5.7-canary.16"
  resolved "https://registry.yarnpkg.com/@next/env/-/env-13.5.7-canary.16.tgz#090e1cd79dc5a2e4d0449995ea43eaf19b80cd24"
  integrity sha512-v0mhPSrm9uWwThG1zkLoSaoJd1n0PN4KkX1yPEn5+mWzJE/3h5fMwIvx6BUXxVymgFdWTrtsnvSc00GqevARXQ==

"@next/swc-darwin-arm64@13.5.7-canary.16":
  version "13.5.7-canary.16"
  resolved "https://registry.yarnpkg.com/@next/swc-darwin-arm64/-/swc-darwin-arm64-13.5.7-canary.16.tgz#673071d12ec3047fc1781389d00b5625a47b72cc"
  integrity sha512-fGcJQOhYdMZ9It59xtsoOGMOmwgy02/zdEfmt5qj6+azhNguTl8UfXI2+D61j/3q5o8GuAS1QD4yWpB6EktqrQ==

"@next/swc-darwin-x64@13.5.7-canary.16":
  version "13.5.7-canary.16"
  resolved "https://registry.yarnpkg.com/@next/swc-darwin-x64/-/swc-darwin-x64-13.5.7-canary.16.tgz#4dd55bb2abd9038a5d1a86ba4cc1d03aee990ae7"
  integrity sha512-hE4PuUbd2fG1qtGgM7kTrsstDl93zgMVlZ2b8HHBctGDdDshc2CbftjSCtj87QhISGga6w/ltNxo3r+Rh4UPUA==

"@next/swc-linux-arm64-gnu@13.5.7-canary.16":
  version "13.5.7-canary.16"
  resolved "https://registry.yarnpkg.com/@next/swc-linux-arm64-gnu/-/swc-linux-arm64-gnu-13.5.7-canary.16.tgz#046d1ab0fd5791cafa4094b5fac18519678489f9"
  integrity sha512-C+KhvYNpVyKwEzuh9ujO04GJvRSJ2mtF7HkiEPzdyfNJjvI4cLkxeO81DHl+61DV8crFqdFzIakoVnML2viH2Q==

"@next/swc-linux-arm64-musl@13.5.7-canary.16":
  version "13.5.7-canary.16"
  resolved "https://registry.yarnpkg.com/@next/swc-linux-arm64-musl/-/swc-linux-arm64-musl-13.5.7-canary.16.tgz#5142f68d26573b65e2ffac98187129529ac1e5c9"
  integrity sha512-22GdtkeCLxJFiQybBmGbw0IbBaobZFh4Uw9SL4s7OX6gwP7oJvdvmtFmE3sgUatquMBeWrhjSwTo/kYPrvvtdw==

"@next/swc-linux-x64-gnu@13.5.7-canary.16":
  version "13.5.7-canary.16"
  resolved "https://registry.yarnpkg.com/@next/swc-linux-x64-gnu/-/swc-linux-x64-gnu-13.5.7-canary.16.tgz#4e5f40c927d04bbc78cc13dec443572a43a389ac"
  integrity sha512-Fj5H9Gb1m7oyiJIgF4c/t/rvuP3qsMf8/XMWTQGQEXDzK7JZQ21tOz1GTuuRv3HACnuYFraKB734Ra91TXRZeQ==

"@next/swc-linux-x64-musl@13.5.7-canary.16":
  version "13.5.7-canary.16"
  resolved "https://registry.yarnpkg.com/@next/swc-linux-x64-musl/-/swc-linux-x64-musl-13.5.7-canary.16.tgz#3480f5755df2337a8ee13abc80d7f2f1f17420b7"
  integrity sha512-dFtHYDjdQGQqz3o4pVnRGKjFaiqkA7qZnmHlCBFnmUmDrzxOr0W0Gu9jnZDvOgAQOoOYA/y4HvzG5hFMsRd80A==

"@next/swc-win32-arm64-msvc@13.5.7-canary.16":
  version "13.5.7-canary.16"
  resolved "https://registry.yarnpkg.com/@next/swc-win32-arm64-msvc/-/swc-win32-arm64-msvc-13.5.7-canary.16.tgz#35b233ece76a456859d2196c19917433ef0f12f3"
  integrity sha512-VLKTgKhtv84qJKuV7AtVlhIEqLtrjO0MIiCaYUctph9nXiJ4Xw72MIvKWxkXFxWLLTnDavqvyb+jd63Pl6DuDg==

"@next/swc-win32-ia32-msvc@13.5.7-canary.16":
  version "13.5.7-canary.16"
  resolved "https://registry.yarnpkg.com/@next/swc-win32-ia32-msvc/-/swc-win32-ia32-msvc-13.5.7-canary.16.tgz#e95ace226f881116ba51cd500d2a355fe6b8d319"
  integrity sha512-xshG+MWpyALASoX3D9etGEsYNVjgriy60iiWD/lW1hdNha4ltS6cZGAPs7Un9ovKDlT2yvgJWHvC3uBOH6AMEw==

"@next/swc-win32-x64-msvc@13.5.7-canary.16":
  version "13.5.7-canary.16"
  resolved "https://registry.yarnpkg.com/@next/swc-win32-x64-msvc/-/swc-win32-x64-msvc-13.5.7-canary.16.tgz#05f161a60f69ce200bc8ae8c5cf6c7cdd6836f41"
  integrity sha512-7ZOapPOzGRJMaLOlee/iUN2tTIH68gRyTJpOpmycix7fWguRunVBZJb5nw+vSxRn7tGtnIdyrvdEAdF+YkFAYQ==

"@swc/helpers@0.5.2":
  version "0.5.2"
  resolved "https://registry.yarnpkg.com/@swc/helpers/-/helpers-0.5.2.tgz#85ea0c76450b61ad7d10a37050289eded783c27d"
  integrity sha512-E4KcWTpoLHqwPHLxidpOqQbcrZVgi0rsmmZXUle1jXmJfuIf/UWpczUJ7MZZ5tlxytgJXyp0w4PGkkeLiuIdZw==
  dependencies:
    tslib "^2.4.0"

busboy@1.6.0:
  version "1.6.0"
  resolved "https://registry.yarnpkg.com/busboy/-/busboy-1.6.0.tgz#966ea36a9502e43cdb9146962523b92f531f6893"
  integrity sha512-8SFQbg/0hQ9xy3UNTB0YEnsNBbWfhf7RtnzpL7TkBiTBRfrQ9Fxcnz7VJsleJpyp6rVLvXiuORqjlHi5q+PYuA==
  dependencies:
    streamsearch "^1.1.0"

caniuse-lite@^1.0.30001406:
  version "1.0.30001553"
  resolved "https://registry.yarnpkg.com/caniuse-lite/-/caniuse-lite-1.0.30001553.tgz#e64e7dc8fd4885cd246bb476471420beb5e474b5"
  integrity sha512-N0ttd6TrFfuqKNi+pMgWJTb9qrdJu4JSpgPFLe/lrD19ugC6fZgF0pUewRowDwzdDnb9V41mFcdlYgl/PyKf4A==

client-only@0.0.1:
  version "0.0.1"
  resolved "https://registry.yarnpkg.com/client-only/-/client-only-0.0.1.tgz#38bba5d403c41ab150bff64a95c85013cf73bca1"
  integrity sha512-IV3Ou0jSMzZrd3pZ48nLkT9DA7Ag1pnPzaiQhpW7c3RbcqqzvzzVu+L8gfqMp/8IM2MQtSiqaCxrrcfu8I8rMA==

glob-to-regexp@^0.4.1:
  version "0.4.1"
  resolved "https://registry.yarnpkg.com/glob-to-regexp/-/glob-to-regexp-0.4.1.tgz#c75297087c851b9a578bd217dd59a92f59fe546e"
  integrity sha512-lkX1HJXwyMcprw/5YUZc2s7DrpAiHB21/V+E1rHUrVNokkvB6bqMzT0VfV6/86ZNabt1k14YOIaT7nDvOX3Iiw==

graceful-fs@^4.1.2:
  version "4.2.11"
  resolved "https://registry.yarnpkg.com/graceful-fs/-/graceful-fs-4.2.11.tgz#4183e4e8bf08bb6e05bbb2f7d2e0c8f712ca40e3"
  integrity sha512-RbJ5/jmFcNNCcDV5o9eTnBLJ/HszWV0P73bc+Ff4nS/rJj+YaS6IGyiOL0VoBYX+l1Wrl3k63h/KrH+nhJ0XvQ==

intl-messageformat@^9.3.18:
  version "9.13.0"
  resolved "https://registry.yarnpkg.com/intl-messageformat/-/intl-messageformat-9.13.0.tgz#97360b73bd82212e4f6005c712a4a16053165468"
  integrity sha512-7sGC7QnSQGa5LZP7bXLDhVDtQOeKGeBFGHF2Y8LVBwYZoQZCgWeKoPGTa5GMG8g/TzDgeXuYJQis7Ggiw2xTOw==
  dependencies:
    "@formatjs/ecma402-abstract" "1.11.4"
    "@formatjs/fast-memoize" "1.2.1"
    "@formatjs/icu-messageformat-parser" "2.1.0"
    tslib "^2.1.0"

"js-tokens@^3.0.0 || ^4.0.0":
  version "4.0.0"
  resolved "https://registry.yarnpkg.com/js-tokens/-/js-tokens-4.0.0.tgz#19203fb59991df98e3a287050d4647cdeaf32499"
  integrity sha512-RdJUflcE3cUzKiMqQgsCu06FPu9UdIJO0beYbPhHN4k6apgJtifcoCtT9bcxOpYBtpD2kCM6Sbzg4CausW/PKQ==

loose-envify@^1.1.0:
  version "1.4.0"
  resolved "https://registry.yarnpkg.com/loose-envify/-/loose-envify-1.4.0.tgz#71ee51fa7be4caec1a63839f7e682d8132d30caf"
  integrity sha512-lyuxPGr/Wfhrlem2CL/UcnUc1zcqKAImBDzukY7Y5F/yQiNdko6+fRLevlw1HgMySw7f611UIY408EtxRSoK3Q==
  dependencies:
    js-tokens "^3.0.0 || ^4.0.0"

nanoid@^3.3.6:
  version "3.3.6"
  resolved "https://registry.yarnpkg.com/nanoid/-/nanoid-3.3.6.tgz#443380c856d6e9f9824267d960b4236ad583ea4c"
  integrity sha512-BGcqMMJuToF7i1rt+2PWSNVnWIkGCU78jBG3RxO/bZlnZPK2Cmi2QaffxGO/2RvWi9sL+FAiRiXMgsyxQ1DIDA==

negotiator@^0.6.3:
  version "0.6.3"
  resolved "https://registry.yarnpkg.com/negotiator/-/negotiator-0.6.3.tgz#58e323a72fedc0d6f9cd4d31fe49f51479590ccd"
  integrity sha512-+EUsqGPLsM+j/zdChZjsnX51g4XrHFOIXwfnCVPGlQk/k5giakcKsuxCObBRu6DSm9opw/O6slWbJdghQM4bBg==

next-intl@3.0.0-rc.6:
  version "3.0.0-rc.6"
  resolved "https://registry.yarnpkg.com/next-intl/-/next-intl-3.0.0-rc.6.tgz#99d830f73cce350679aa75f349a3ef92a3294a2e"
  integrity sha512-Eymf9lfxiqYO6w4YkSe1gQqZMF6Y9AQIAn49uBv8z6JPSEgyelZezt7n/6qECugTVA1rbH/BslrM/jBjMvXXEQ==
  dependencies:
    "@formatjs/intl-localematcher" "^0.2.32"
    negotiator "^0.6.3"
    server-only "0.0.1"
    use-intl "3.0.0-rc.6"

next@v13.5.7-canary.16:
  version "13.5.7-canary.16"
  resolved "https://registry.yarnpkg.com/next/-/next-13.5.7-canary.16.tgz#1e228faf6c4cc2bf283849385337ca2bd7ad3052"
  integrity sha512-qR3sUyhVxNsxpldszGsaB2C8eMTcxm4IzIwGPiHHNOJiPUVEL+98NCHKr719v7fc2EUSqdzpcAbFc6H0147Wvg==
  dependencies:
    "@next/env" "13.5.7-canary.16"
    "@swc/helpers" "0.5.2"
    busboy "1.6.0"
    caniuse-lite "^1.0.30001406"
    postcss "8.4.31"
    styled-jsx "5.1.1"
    watchpack "2.4.0"
  optionalDependencies:
    "@next/swc-darwin-arm64" "13.5.7-canary.16"
    "@next/swc-darwin-x64" "13.5.7-canary.16"
    "@next/swc-linux-arm64-gnu" "13.5.7-canary.16"
    "@next/swc-linux-arm64-musl" "13.5.7-canary.16"
    "@next/swc-linux-x64-gnu" "13.5.7-canary.16"
    "@next/swc-linux-x64-musl" "13.5.7-canary.16"
    "@next/swc-win32-arm64-msvc" "13.5.7-canary.16"
    "@next/swc-win32-ia32-msvc" "13.5.7-canary.16"
    "@next/swc-win32-x64-msvc" "13.5.7-canary.16"

picocolors@^1.0.0:
  version "1.0.0"
  resolved "https://registry.yarnpkg.com/picocolors/-/picocolors-1.0.0.tgz#cb5bdc74ff3f51892236eaf79d68bc44564ab81c"
  integrity sha512-1fygroTLlHu66zi26VoTDv8yRgm0Fccecssto+MhsZ0D/DGW2sm8E8AjW7NU5VVTRt5GxbeZ5qBuJr+HyLYkjQ==

postcss@8.4.31:
  version "8.4.31"
  resolved "https://registry.yarnpkg.com/postcss/-/postcss-8.4.31.tgz#92b451050a9f914da6755af352bdc0192508656d"
  integrity sha512-PS08Iboia9mts/2ygV3eLpY5ghnUcfLV/EXTOW1E2qYxJKGGBUtNjN76FYHnMs36RmARn41bC0AZmn+rR0OVpQ==
  dependencies:
    nanoid "^3.3.6"
    picocolors "^1.0.0"
    source-map-js "^1.0.2"

react-dom@18.2:
  version "18.2.0"
  resolved "https://registry.yarnpkg.com/react-dom/-/react-dom-18.2.0.tgz#22aaf38708db2674ed9ada224ca4aa708d821e3d"
  integrity sha512-6IMTriUmvsjHUjNtEDudZfuDQUoWXVxKHhlEGSk81n4YFS+r/Kl99wXiwlVXtPBtJenozv2P+hxDsw9eA7Xo6g==
  dependencies:
    loose-envify "^1.1.0"
    scheduler "^0.23.0"

react@18.2:
  version "18.2.0"
  resolved "https://registry.yarnpkg.com/react/-/react-18.2.0.tgz#555bd98592883255fa00de14f1151a917b5d77d5"
  integrity sha512-/3IjMdb2L9QbBdWiW5e3P2/npwMBaU9mHCSCUzNln0ZCYbcfTsGbTJrU/kGemdH2IWmB2ioZ+zkxtmq6g09fGQ==
  dependencies:
    loose-envify "^1.1.0"

scheduler@^0.23.0:
  version "0.23.0"
  resolved "https://registry.yarnpkg.com/scheduler/-/scheduler-0.23.0.tgz#ba8041afc3d30eb206a487b6b384002e4e61fdfe"
  integrity sha512-CtuThmgHNg7zIZWAXi3AsyIzA3n4xx7aNyjwC2VJldO2LMVDhFK+63xGqq6CsJH4rTAt6/M+N4GhZiDYPx9eUw==
  dependencies:
    loose-envify "^1.1.0"

server-only@0.0.1:
  version "0.0.1"
  resolved "https://registry.yarnpkg.com/server-only/-/server-only-0.0.1.tgz#0f366bb6afb618c37c9255a314535dc412cd1c9e"
  integrity sha512-qepMx2JxAa5jjfzxG79yPPq+8BuFToHd1hm7kI+Z4zAq1ftQiP7HcxMhDDItrbtwVeLg/cY2JnKnrcFkmiswNA==

source-map-js@^1.0.2:
  version "1.0.2"
  resolved "https://registry.yarnpkg.com/source-map-js/-/source-map-js-1.0.2.tgz#adbc361d9c62df380125e7f161f71c826f1e490c"
  integrity sha512-R0XvVJ9WusLiqTCEiGCmICCMplcCkIwwR11mOSD9CR5u+IXYdiseeEuXCVAjS54zqwkLcPNnmU4OeJ6tUrWhDw==

streamsearch@^1.1.0:
  version "1.1.0"
  resolved "https://registry.yarnpkg.com/streamsearch/-/streamsearch-1.1.0.tgz#404dd1e2247ca94af554e841a8ef0eaa238da764"
  integrity sha512-Mcc5wHehp9aXz1ax6bZUyY5afg9u2rv5cqQI3mRrYkGC8rW2hM02jWuwjtL++LS5qinSyhj2QfLyNsuc+VsExg==

styled-jsx@5.1.1:
  version "5.1.1"
  resolved "https://registry.yarnpkg.com/styled-jsx/-/styled-jsx-5.1.1.tgz#839a1c3aaacc4e735fed0781b8619ea5d0009d1f"
  integrity sha512-pW7uC1l4mBZ8ugbiZrcIsiIvVx1UmTfw7UkC3Um2tmfUq9Bhk8IiyEIPl6F8agHgjzku6j0xQEZbfA5uSgSaCw==
  dependencies:
    client-only "0.0.1"

tslib@^2.1.0, tslib@^2.4.0:
  version "2.6.2"
  resolved "https://registry.yarnpkg.com/tslib/-/tslib-2.6.2.tgz#703ac29425e7b37cd6fd456e92404d46d1f3e4ae"
  integrity sha512-AEYxH93jGFPn/a2iVAwW87VuUIkR1FVUKB77NwMF7nBTDkDrrT/Hpt/IrCJ0QXhW27jTBDcf5ZY7w6RiqTMw2Q==

use-intl@3.0.0-rc.6:
  version "3.0.0-rc.6"
  resolved "https://registry.yarnpkg.com/use-intl/-/use-intl-3.0.0-rc.6.tgz#3c2adf3e2873807776bed85a0553e42e3f8ba8f1"
  integrity sha512-vkPHZFFTrt/GnLPVn0HdCUeU+BgtitkuONa9e+XC3IeItd6RxJ28RMbAK43QI726N/CrAjds/fGjI8BF21u6Hw==
  dependencies:
    "@formatjs/ecma402-abstract" "^1.11.4"
    intl-messageformat "^9.3.18"

watchpack@2.4.0:
  version "2.4.0"
  resolved "https://registry.yarnpkg.com/watchpack/-/watchpack-2.4.0.tgz#fa33032374962c78113f93c7f2fb4c54c9862a5d"
  integrity sha512-Lcvm7MGST/4fup+ifyKi2hjyIAwcdI4HRgtvTpIUxBRhB+RFtUh8XtDOxUfctVCnhVi+QQj49i91OyvzkJl6cg==
  dependencies:
    glob-to-regexp "^0.4.1"
    graceful-fs "^4.1.2"
